
Microsoft Visual Studio Solution File, Format Version 12.00
# Visual Studio Version 16
VisualStudioVersion = 16.0.30611.23
MinimumVisualStudioVersion = 10.0.40219.1
Project("{FAE04EC0-301F-11D3-BF4B-00C04F79EFBC}") = "LeaveManagementSystem", "LeaveManagementSystem\LeaveManagementSystem.csproj", "{BDD9EE7E-BA99-4C59-8201-29A1CBD840EB}"
EndProject
Project("{FAE04EC0-301F-11D3-BF4B-00C04F79EFBC}") = "LeaveManagementSystem.DomainModel", "LeaveManagementSystem.DomainModel\LeaveManagementSystem.DomainModel.csproj", "{956A89DE-5AF1-4158-BAD1-4EC15F5DDD9F}"
EndProject
Project("{FAE04EC0-301F-11D3-BF4B-00C04F79EFBC}") = "LeaveManagementSystem.Repository", "LeaveManagementSystem.Repository\LeaveManagementSystem.Repository.csproj", "{5BEE9879-BDF9-4FBD-88BD-4F8436465BA3}"
EndProject
Project("{FAE04EC0-301F-11D3-BF4B-00C04F79EFBC}") = "LeaveManagementSystem.ViewModel", "LeaveManagementSystem.ViewModel\LeaveManagementSystem.ViewModel.csproj", "{C6B9D888-B2D5-44FB-AB1B-45028718A506}"
EndProject
Project("{FAE04EC0-301F-11D3-BF4B-00C04F79EFBC}") = "LeaveManagementSystem.ServiceLayer", "LeaveManagementSystem.ServiceLayer\LeaveManagementSystem.ServiceLayer.csproj", "{23FEDB25-C886-4339-A318-6BC891FF3CBE}"
EndProject
Global
	GlobalSection(SolutionConfigurationPlatforms) = preSolution
		Debug|Any CPU = Debug|Any CPU
		Release|Any CPU = Release|Any CPU
	EndGlobalSection
	GlobalSection(ProjectConfigurationPlatforms) = postSolution
		{BDD9EE7E-BA99-4C59-8201-29A1CBD840EB}.Debug|Any CPU.ActiveCfg = Debug|Any CPU
		{BDD9EE7E-BA99-4C59-8201-29A1CBD840EB}.Debug|Any CPU.Build.0 = Debug|Any CPU
		{BDD9EE7E-BA99-4C59-8201-29A1CBD840EB}.Release|Any CPU.ActiveCfg = Release|Any CPU
		{BDD9EE7E-BA99-4C59-8201-29A1CBD840EB}.Release|Any CPU.Build.0 = Release|Any CPU
		{956A89DE-5AF1-4158-BAD1-4EC15F5DDD9F}.Debug|Any CPU.ActiveCfg = Debug|Any CPU
		{956A89DE-5AF1-4158-BAD1-4EC15F5DDD9F}.Debug|Any CPU.Build.0 = Debug|Any CPU
		{956A89DE-5AF1-4158-BAD1-4EC15F5DDD9F}.Release|Any CPU.ActiveCfg = Release|Any CPU
		{956A89DE-5AF1-4158-BAD1-4EC15F5DDD9F}.Release|Any CPU.Build.0 = Release|Any CPU
		{5BEE9879-BDF9-4FBD-88BD-4F8436465BA3}.Debug|Any CPU.ActiveCfg = Debug|Any CPU
		{5BEE9879-BDF9-4FBD-88BD-4F8436465BA3}.Debug|Any CPU.Build.0 = Debug|Any CPU
		{5BEE9879-BDF9-4FBD-88BD-4F8436465BA3}.Release|Any CPU.ActiveCfg = Release|Any CPU
		{5BEE9879-BDF9-4FBD-88BD-4F8436465BA3}.Release|Any CPU.Build.0 = Release|Any CPU
		{C6B9D888-B2D5-44FB-AB1B-45028718A506}.Debug|Any CPU.ActiveCfg = Debug|Any CPU
		{C6B9D888-B2D5-44FB-AB1B-45028718A506}.Debug|Any CPU.Build.0 = Debug|Any CPU
		{C6B9D888-B2D5-44FB-AB1B-45028718A506}.Release|Any CPU.ActiveCfg = Release|Any CPU
		{C6B9D888-B2D5-44FB-AB1B-45028718A506}.Release|Any CPU.Build.0 = Release|Any CPU
		{23FEDB25-C886-4339-A318-6BC891FF3CBE}.Debug|Any CPU.ActiveCfg = Debug|Any CPU
		{23FEDB25-C886-4339-A318-6BC891FF3CBE}.Debug|Any CPU.Build.0 = Debug|Any CPU
		{23FEDB25-C886-4339-A318-6BC891FF3CBE}.Release|Any CPU.ActiveCfg = Release|Any CPU
		{23FEDB25-C886-4339-A318-6BC891FF3CBE}.Release|Any CPU.Build.0 = Release|Any CPU
	EndGlobalSection
	GlobalSection(SolutionProperties) = preSolution
		HideSolutionNode = FALSE
	EndGlobalSection
	GlobalSection(ExtensibilityGlobals) = postSolution
		SolutionGuid = {B5A419EA-BCE3-4E6B-A6A9-6ED8CD2D5ABA}
	EndGlobalSection
EndGlobal
